# THIS IS AN AUTOGENERATED FILE. DO NOT EDIT THIS FILE DIRECTLY.
# yarn lockfile v1


react-webcam@^7.0.1:
  version "7.0.1"
  resolved "https://registry.yarnpkg.com/react-webcam/-/react-webcam-7.0.1.tgz#8249e1d621eb4bba7e3f52135f562439d0528df3"
  integrity sha512-8E/Eb/7ksKwn5QdLn67tOR7+TdP9BZdu6E5/DSt20v8yfW/s0VGBigE6VA7R4278mBuBUowovAB3DkCfVmSPvA==

react-winbox@^1.4.2:
  version "1.4.2"
  resolved "https://registry.yarnpkg.com/react-winbox/-/react-winbox-1.4.2.tgz#ce434fe01d4b79aae6e707073b1482ded1e695de"
  integrity sha512-wNe3Ug6ZLiq1Mxk4CCUWtuR3xX2EPYqijtg83Dh/r6cP5zHFzTersmNPLNffOCRLMxlMsUvx0VNaID/7KbleBg==
  dependencies:
    winbox "^0.2.1"

winbox@^0.2.1:
  version "0.2.6"
  resolved "https://registry.yarnpkg.com/winbox/-/winbox-0.2.6.tgz#9e46eb23c09394166262e5bcb074e4f240c8ba4c"
  integrity sha512-P/Tqjcf4bA0Hr1lqR1YliQsisV8xf+t56xgCtqWN8Urw9RLonYSVQGYw+qILp9tgkPs1o7e1dsl6dskaS6GudQ==
